
Microsoft Visual Studio Solution File, Format Version 12.00
# Visual Studio Version 17
VisualStudioVersion = 17.4.33110.190
MinimumVisualStudioVersion = 10.0.40219.1
Project("{8BC9CEB8-8B4A-11D0-8D11-00A0C91BC942}") = "A Combination Of My Applications V1", "A Combination Of My Applications V1.vcxproj", "{B63127BF-CB5A-48F5-8C20-8B67804197FF}"
EndProject
Global
	GlobalSection(SolutionConfigurationPlatforms) = preSolution
		Debug|x64 = Debug|x64
		Debug|x86 = Debug|x86
		Release|x64 = Release|x64
		Release|x86 = Release|x86
	EndGlobalSection
	GlobalSection(ProjectConfigurationPlatforms) = postSolution
		{B63127BF-CB5A-48F5-8C20-8B67804197FF}.Debug|x64.ActiveCfg = Debug|x64
		{B63127BF-CB5A-48F5-8C20-8B67804197FF}.Debug|x64.Build.0 = Debug|x64
		{B63127BF-CB5A-48F5-8C20-8B67804197FF}.Debug|x86.ActiveCfg = Debug|Win32
		{B63127BF-CB5A-48F5-8C20-8B67804197FF}.Debug|x86.Build.0 = Debug|Win32
		{B63127BF-CB5A-48F5-8C20-8B67804197FF}.Release|x64.ActiveCfg = Release|x64
		{B63127BF-CB5A-48F5-8C20-8B67804197FF}.Release|x64.Build.0 = Release|x64
		{B63127BF-CB5A-48F5-8C20-8B67804197FF}.Release|x86.ActiveCfg = Release|Win32
		{B63127BF-CB5A-48F5-8C20-8B67804197FF}.Release|x86.Build.0 = Release|Win32
	EndGlobalSection
	GlobalSection(SolutionProperties) = preSolution
		HideSolutionNode = FALSE
	EndGlobalSection
	GlobalSection(ExtensibilityGlobals) = postSolution
		SolutionGuid = {83BB8E25-95E6-441C-95CD-E34D14CFF103}
	EndGlobalSection
EndGlobal
